
Microsoft Visual Studio Solution File, Format Version 12.00
# Visual Studio Version 17
VisualStudioVersion = 17.4.33213.308
MinimumVisualStudioVersion = 10.0.40219.1
Project("{FAE04EC0-301F-11D3-BF4B-00C04F79EFBC}") = "WpfApp - Practice", "WpfApp - Practice\WpfApp - Practice.csproj", "{42F83648-5001-4E82-B448-3A87696DD58F}"
EndProject
Global
	GlobalSection(SolutionConfigurationPlatforms) = preSolution
		Debug|Any CPU = Debug|Any CPU
		Release|Any CPU = Release|Any CPU
	EndGlobalSection
	GlobalSection(ProjectConfigurationPlatforms) = postSolution
		{42F83648-5001-4E82-B448-3A87696DD58F}.Debug|Any CPU.ActiveCfg = Debug|Any CPU
		{42F83648-5001-4E82-B448-3A87696DD58F}.Debug|Any CPU.Build.0 = Debug|Any CPU
		{42F83648-5001-4E82-B448-3A87696DD58F}.Release|Any CPU.ActiveCfg = Release|Any CPU
		{42F83648-5001-4E82-B448-3A87696DD58F}.Release|Any CPU.Build.0 = Release|Any CPU
	EndGlobalSection
	GlobalSection(SolutionProperties) = preSolution
		HideSolutionNode = FALSE
	EndGlobalSection
	GlobalSection(ExtensibilityGlobals) = postSolution
		SolutionGuid = {45AE31B6-31B2-4115-A154-0DC7661D7E1D}
	EndGlobalSection
EndGlobal
